
Microsoft Visual Studio Solution File, Format Version 12.00
# Visual Studio Version 17
VisualStudioVersion = 17.6.33829.357
MinimumVisualStudioVersion = 10.0.40219.1
Project("{FAE04EC0-301F-11D3-BF4B-00C04F79EFBC}") = "liteDB", "liteDB\liteDB.csproj", "{0DB59368-0931-4EC8-BB26-730674AF2134}"
EndProject
Global
	GlobalSection(SolutionConfigurationPlatforms) = preSolution
		Debug|Any CPU = Debug|Any CPU
		Release|Any CPU = Release|Any CPU
	EndGlobalSection
	GlobalSection(ProjectConfigurationPlatforms) = postSolution
		{0DB59368-0931-4EC8-BB26-730674AF2134}.Debug|Any CPU.ActiveCfg = Debug|Any CPU
		{0DB59368-0931-4EC8-BB26-730674AF2134}.Debug|Any CPU.Build.0 = Debug|Any CPU
		{0DB59368-0931-4EC8-BB26-730674AF2134}.Release|Any CPU.ActiveCfg = Release|Any CPU
		{0DB59368-0931-4EC8-BB26-730674AF2134}.Release|Any CPU.Build.0 = Release|Any CPU
	EndGlobalSection
	GlobalSection(SolutionProperties) = preSolution
		HideSolutionNode = FALSE
	EndGlobalSection
	GlobalSection(ExtensibilityGlobals) = postSolution
		SolutionGuid = {0D9B82FE-0B57-4C28-B200-A68CCEAA62C7}
	EndGlobalSection
EndGlobal
